lockfileVersion: '6.1'

settings:
  autoInstallPeers: true
  excludeLinksFromLockfile: false

importers:

  packages/gstate_wasm:
    devDependencies:
      '@types/emscripten':
        specifier: ^1.39.6
        version: 1.39.6
      '@types/node':
        specifier: ^20.2.5
        version: 20.2.5
      typescript:
        specifier: ^5.0.4
        version: 5.0.4

  packages/gstate_wasm_test:
    dependencies:
      '@playhearts/gstate_wasm':
        specifier: workspace:*
        version: link:../gstate_wasm
    devDependencies:
      typescript:
        specifier: ^5.0.4
        version: 5.0.4

packages:

  /@types/emscripten@1.39.6:
    resolution: {integrity: sha512-H90aoynNhhkQP6DRweEjJp5vfUVdIj7tdPLsu7pq89vODD/lcugKfZOsfgwpvM6XUewEp2N5dCg1Uf3Qe55Dcg==}
    dev: true

  /@types/node@20.2.5:
    resolution: {integrity: sha512-JJulVEQXmiY9Px5axXHeYGLSjhkZEnD+MDPDGbCbIAbMslkKwmygtZFy1X6s/075Yo94sf8GuSlFfPzysQrWZQ==}
    dev: true

  /typescript@5.0.4:
    resolution: {integrity: sha512-cW9T5W9xY37cc+jfEnaUvX91foxtHkza3Nw3wkoF4sSlKn0MONdkdEndig/qPBWXNkmplh3NzayQzCiHM4/hqw==}
    engines: {node: '>=12.20'}
    hasBin: true
    dev: true
